
Microsoft Visual Studio Solution File, Format Version 12.00
# Visual Studio 15
VisualStudioVersion = 15.0.26730.3
MinimumVisualStudioVersion = 10.0.40219.1
Project("{FAE04EC0-301F-11D3-BF4B-00C04F79EFBC}") = "WorkingWithVS2017", "WorkingWithVS2017\WorkingWithVS2017.csproj", "{20823D55-4F23-4E10-A9C4-06B8C4D5E372}"
EndProject
Global
	GlobalSection(SolutionConfigurationPlatforms) = preSolution
		Debug|Any CPU = Debug|Any CPU
		Release|Any CPU = Release|Any CPU
	EndGlobalSection
	GlobalSection(ProjectConfigurationPlatforms) = postSolution
		{20823D55-4F23-4E10-A9C4-06B8C4D5E372}.Debug|Any CPU.ActiveCfg = Debug|Any CPU
		{20823D55-4F23-4E10-A9C4-06B8C4D5E372}.Debug|Any CPU.Build.0 = Debug|Any CPU
		{20823D55-4F23-4E10-A9C4-06B8C4D5E372}.Release|Any CPU.ActiveCfg = Release|Any CPU
		{20823D55-4F23-4E10-A9C4-06B8C4D5E372}.Release|Any CPU.Build.0 = Release|Any CPU
	EndGlobalSection
	GlobalSection(SolutionProperties) = preSolution
		HideSolutionNode = FALSE
	EndGlobalSection
	GlobalSection(ExtensibilityGlobals) = postSolution
		SolutionGuid = {CD042807-1495-48BA-B70E-7B79771CB55B}
	EndGlobalSection
EndGlobal
